// !$*UTF8*$!
{
	archiveVersion = 1;
	classes = {
	};
	objectVersion = 48;
	objects = {

/* Begin PBXBuildFile section */
		FA715266219093D2008C00DB /* Sample.cpp in Sources */ = {isa = PBXBuildFile; fileRef = FA715260219093D2008C00DB /* Sample.cpp */; };
		FA715267219093D2008C00DB /* SamplesGame.cpp in Sources */ = {isa = PBXBuildFile; fileRef = FA715262219093D2008C00DB /* SamplesGame.cpp */; };
		FA715268219093D2008C00DB /* TriangleSample.cpp in Sources */ = {isa = PBXBuildFile; fileRef = FA715264219093D2008C00DB /* TriangleSample.cpp */; };
		FA71528421949836008C00DB /* res in Resources */ = {isa = PBXBuildFile; fileRef = FA71528121949836008C00DB /* res */; };
		FA731013218212FB00F5A39A /* AppDelegate.m in Sources */ = {isa = PBXBuildFile; fileRef = FA731012218212FB00F5A39A /* AppDelegate.m */; };
		FA731016218212FB00F5A39A /* GamePlayViewController.mm in Sources */ = {isa = PBXBuildFile; fileRef = FA731015218212FB00F5A39A /* GamePlayViewController.mm */; };
		FA731019218212FB00F5A39A /* Main.storyboard in Resources */ = {isa = PBXBuildFile; fileRef = FA731017218212FB00F5A39A /* Main.storyboard */; };
		FA73101B218212FB00F5A39A /* Assets.xcassets in Resources */ = {isa = PBXBuildFile; fileRef = FA73101A218212FB00F5A39A /* Assets.xcassets */; };
		FA73101E218212FB00F5A39A /* LaunchScreen.storyboard in Resources */ = {isa = PBXBuildFile; fileRef = FA73101C218212FB00F5A39A /* LaunchScreen.storyboard */; };
		FA731021218212FB00F5A39A /* main.m in Sources */ = {isa = PBXBuildFile; fileRef = FA731020218212FB00F5A39A /* main.m */; };
		FA7310292182133400F5A39A /* GamePlayView.mm in Sources */ = {isa = PBXBuildFile; fileRef = FA7310282182133400F5A39A /* GamePlayView.mm */; };
		FA73102B2182139800F5A39A /* libgameplay.a in Frameworks */ = {isa = PBXBuildFile; fileRef = FA73102C2182139800F5A39A /* libgameplay.a */; };
		FA73102E2182171000F5A39A /* libgameplay-deps.a in Frameworks */ = {isa = PBXBuildFile; fileRef = FA73102D2182171000F5A39A /* libgameplay-deps.a */; };
		FA7310302182171700F5A39A /* OpenAL.framework in Frameworks */ = {isa = PBXBuildFile; fileRef = FA73102F2182171700F5A39A /* OpenAL.framework */; };
		FA7310322182176900F5A39A /* CoreMotion.framework in Frameworks */ = {isa = PBXBuildFile; fileRef = FA7310312182176900F5A39A /* CoreMotion.framework */; };
		FA7310722183FC9200F5A39A /* NBGLView.mm in Sources */ = {isa = PBXBuildFile; fileRef = FA7310712183FC9200F5A39A /* NBGLView.mm */; };
/* End PBXBuildFile section */

/* Begin PBXContainerItemProxy section */
		FA71526E219093E2008C00DB /* PBXContainerItemProxy */ = {
			isa = PBXContainerItemProxy;
			containerPortal = FA715269219093E1008C00DB /* gameplay.xcodeproj */;
			proxyType = 2;
			remoteGlobalIDString = 4234D99A14686C52003031B3;
			remoteInfo = "gameplay-macosx";
		};
		FA715270219093E2008C00DB /* PBXContainerItemProxy */ = {
			isa = PBXContainerItemProxy;
			containerPortal = FA715269219093E1008C00DB /* gameplay.xcodeproj */;
			proxyType = 2;
			remoteGlobalIDString = 5B04C5CA14BFCFE100EB0071;
			remoteInfo = "gameplay-ios";
		};
/* End PBXContainerItemProxy section */

/* Begin PBXFileReference section */
		FA715260219093D2008C00DB /* Sample.cpp */ = {isa = PBXFileReference; fileEncoding = 4; lastKnownFileType = sourcecode.cpp.cpp; path = Sample.cpp; sourceTree = "<group>"; };
		FA715261219093D2008C00DB /* Sample.h */ = {isa = PBXFileReference; fileEncoding = 4; lastKnownFileType = sourcecode.c.h; path = Sample.h; sourceTree = "<group>"; };
		FA715262219093D2008C00DB /* SamplesGame.cpp */ = {isa = PBXFileReference; fileEncoding = 4; lastKnownFileType = sourcecode.cpp.cpp; path = SamplesGame.cpp; sourceTree = "<group>"; };
		FA715263219093D2008C00DB /* SamplesGame.h */ = {isa = PBXFileReference; fileEncoding = 4; lastKnownFileType = sourcecode.c.h; path = SamplesGame.h; sourceTree = "<group>"; };
		FA715264219093D2008C00DB /* TriangleSample.cpp */ = {isa = PBXFileReference; fileEncoding = 4; lastKnownFileType = sourcecode.cpp.cpp; path = TriangleSample.cpp; sourceTree = "<group>"; };
		FA715265219093D2008C00DB /* TriangleSample.h */ = {isa = PBXFileReference; fileEncoding = 4; lastKnownFileType = sourcecode.c.h; path = TriangleSample.h; sourceTree = "<group>"; };
		FA715269219093E1008C00DB /* gameplay.xcodeproj */ = {isa = PBXFileReference; lastKnownFileType = "wrapper.pb-project"; name = gameplay.xcodeproj; path = ../../../../gameplay/gameplay.xcodeproj; sourceTree = "<group>"; };
		FA71528121949836008C00DB /* res */ = {isa = PBXFileReference; lastKnownFileType = folder; path = res; sourceTree = "<group>"; };
		FA73100E218212FB00F5A39A /* basicdemo.app */ = {isa = PBXFileReference; explicitFileType = wrapper.application; includeInIndex = 0; path = basicdemo.app; sourceTree = BUILT_PRODUCTS_DIR; };
		FA731011218212FB00F5A39A /* AppDelegate.h */ = {isa = PBXFileReference; lastKnownFileType = sourcecode.c.h; path = AppDelegate.h; sourceTree = "<group>"; };
		FA731012218212FB00F5A39A /* AppDelegate.m */ = {isa = PBXFileReference; lastKnownFileType = sourcecode.c.objc; path = AppDelegate.m; sourceTree = "<group>"; };
		FA731014218212FB00F5A39A /* GamePlayViewController.h */ = {isa = PBXFileReference; lastKnownFileType = sourcecode.c.h; path = GamePlayViewController.h; sourceTree = "<group>"; };
		FA731015218212FB00F5A39A /* GamePlayViewController.mm */ = {isa = PBXFileReference; lastKnownFileType = sourcecode.cpp.objcpp; path = GamePlayViewController.mm; sourceTree = "<group>"; };
		FA731018218212FB00F5A39A /* Base */ = {isa = PBXFileReference; lastKnownFileType = file.storyboard; name = Base; path = Base.lproj/Main.storyboard; sourceTree = "<group>"; };
		FA73101A218212FB00F5A39A /* Assets.xcassets */ = {isa = PBXFileReference; lastKnownFileType = folder.assetcatalog; path = Assets.xcassets; sourceTree = "<group>"; };
		FA73101D218212FB00F5A39A /* Base */ = {isa = PBXFileReference; lastKnownFileType = file.storyboard; name = Base; path = Base.lproj/LaunchScreen.storyboard; sourceTree = "<group>"; };
		FA73101F218212FB00F5A39A /* Info.plist */ = {isa = PBXFileReference; lastKnownFileType = text.plist.xml; path = Info.plist; sourceTree = "<group>"; };
		FA731020218212FB00F5A39A /* main.m */ = {isa = PBXFileReference; lastKnownFileType = sourcecode.c.objc; path = main.m; sourceTree = "<group>"; };
		FA7310272182133400F5A39A /* GamePlayView.h */ = {isa = PBXFileReference; lastKnownFileType = sourcecode.c.h; path = GamePlayView.h; sourceTree = "<group>"; };
		FA7310282182133400F5A39A /* GamePlayView.mm */ = {isa = PBXFileReference; lastKnownFileType = sourcecode.cpp.objcpp; path = GamePlayView.mm; sourceTree = "<group>"; };
		FA73102C2182139800F5A39A /* libgameplay.a */ = {isa = PBXFileReference; explicitFileType = archive.ar; path = libgameplay.a; sourceTree = BUILT_PRODUCTS_DIR; };
		FA73102D2182171000F5A39A /* libgameplay-deps.a */ = {isa = PBXFileReference; lastKnownFileType = archive.ar; name = "libgameplay-deps.a"; path = "../../external-deps/lib/ios/x86/libgameplay-deps.a"; sourceTree = "<group>"; };
		FA73102F2182171700F5A39A /* OpenAL.framework */ = {isa = PBXFileReference; lastKnownFileType = wrapper.framework; name = OpenAL.framework; path = System/Library/Frameworks/OpenAL.framework; sourceTree = SDKROOT; };
		FA7310312182176900F5A39A /* CoreMotion.framework */ = {isa = PBXFileReference; lastKnownFileType = wrapper.framework; name = CoreMotion.framework; path = System/Library/Frameworks/CoreMotion.framework; sourceTree = SDKROOT; };
		FA7310702183FC9200F5A39A /* NBGLView.h */ = {isa = PBXFileReference; fileEncoding = 4; lastKnownFileType = sourcecode.c.h; path = NBGLView.h; sourceTree = "<group>"; };
		FA7310712183FC9200F5A39A /* NBGLView.mm */ = {isa = PBXFileReference; fileEncoding = 4; lastKnownFileType = sourcecode.cpp.objcpp; path = NBGLView.mm; sourceTree = "<group>"; };
/* End PBXFileReference section */

/* Begin PBXFrameworksBuildPhase section */
		FA73100B218212FB00F5A39A /* Frameworks */ = {
			isa = PBXFrameworksBuildPhase;
			buildActionMask = 2147483647;
			files = (
				FA7310322182176900F5A39A /* CoreMotion.framework in Frameworks */,
				FA7310302182171700F5A39A /* OpenAL.framework in Frameworks */,
				FA73102E2182171000F5A39A /* libgameplay-deps.a in Frameworks */,
				FA73102B2182139800F5A39A /* libgameplay.a in Frameworks */,
			);
			runOnlyForDeploymentPostprocessing = 0;
		};
/* End PBXFrameworksBuildPhase section */

/* Begin PBXGroup section */
		FA71525F219093D2008C00DB /* samples */ = {
			isa = PBXGroup;
			children = (
				FA71528121949836008C00DB /* res */,
				FA715260219093D2008C00DB /* Sample.cpp */,
				FA715261219093D2008C00DB /* Sample.h */,
				FA715262219093D2008C00DB /* SamplesGame.cpp */,
				FA715263219093D2008C00DB /* SamplesGame.h */,
				FA715264219093D2008C00DB /* TriangleSample.cpp */,
				FA715265219093D2008C00DB /* TriangleSample.h */,
			);
			name = samples;
			path = ../../samples;
			sourceTree = "<group>";
		};
		FA71526A219093E1008C00DB /* Products */ = {
			isa = PBXGroup;
			children = (
				FA71526F219093E2008C00DB /* libgameplay.a */,
				FA715271219093E2008C00DB /* libgameplay.a */,
			);
			name = Products;
			sourceTree = "<group>";
		};
		FA731005218212FB00F5A39A = {
			isa = PBXGroup;
			children = (
				FA731010218212FB00F5A39A /* basicdemo */,
				FA73100F218212FB00F5A39A /* Products */,
				FA73102A2182139800F5A39A /* Frameworks */,
			);
			sourceTree = "<group>";
		};
		FA73100F218212FB00F5A39A /* Products */ = {
			isa = PBXGroup;
			children = (
				FA73100E218212FB00F5A39A /* basicdemo.app */,
			);
			name = Products;
			sourceTree = "<group>";
		};
		FA731010218212FB00F5A39A /* basicdemo */ = {
			isa = PBXGroup;
			children = (
				FA715269219093E1008C00DB /* gameplay.xcodeproj */,
				FA71525F219093D2008C00DB /* samples */,
				FA731011218212FB00F5A39A /* AppDelegate.h */,
				FA731012218212FB00F5A39A /* AppDelegate.m */,
				FA731017218212FB00F5A39A /* Main.storyboard */,
				FA73101A218212FB00F5A39A /* Assets.xcassets */,
				FA73101C218212FB00F5A39A /* LaunchScreen.storyboard */,
				FA73101F218212FB00F5A39A /* Info.plist */,
				FA731020218212FB00F5A39A /* main.m */,
				FA731014218212FB00F5A39A /* GamePlayViewController.h */,
				FA731015218212FB00F5A39A /* GamePlayViewController.mm */,
				FA7310272182133400F5A39A /* GamePlayView.h */,
				FA7310282182133400F5A39A /* GamePlayView.mm */,
				FA7310702183FC9200F5A39A /* NBGLView.h */,
				FA7310712183FC9200F5A39A /* NBGLView.mm */,
			);
			path = basicdemo;
			sourceTree = "<group>";
		};
		FA73102A2182139800F5A39A /* Frameworks */ = {
			isa = PBXGroup;
			children = (
				FA7310312182176900F5A39A /* CoreMotion.framework */,
				FA73102F2182171700F5A39A /* OpenAL.framework */,
				FA73102D2182171000F5A39A /* libgameplay-deps.a */,
				FA73102C2182139800F5A39A /* libgameplay.a */,
			);
			name = Frameworks;
			sourceTree = "<group>";
		};
/* End PBXGroup section */

/* Begin PBXNativeTarget section */
		FA73100D218212FB00F5A39A /* basicdemo */ = {
			isa = PBXNativeTarget;
			buildConfigurationList = FA731024218212FB00F5A39A /* Build configuration list for PBXNativeTarget "basicdemo" */;
			buildPhases = (
				FA73100A218212FB00F5A39A /* Sources */,
				FA73100B218212FB00F5A39A /* Frameworks */,
				FA71528B21949CE6008C00DB /* ShellScript */,
				FA73100C218212FB00F5A39A /* Resources */,
			);
			buildRules = (
			);
			dependencies = (
			);
			name = basicdemo;
			productName = basicdemo;
			productReference = FA73100E218212FB00F5A39A /* basicdemo.app */;
			productType = "com.apple.product-type.application";
		};
/* End PBXNativeTarget section */

/* Begin PBXProject section */
		FA731006218212FB00F5A39A /* Project object */ = {
			isa = PBXProject;
			attributes = {
				LastUpgradeCheck = 0920;
				ORGANIZATIONNAME = "liu enbao";
				TargetAttributes = {
					FA73100D218212FB00F5A39A = {
						CreatedOnToolsVersion = 9.2;
						ProvisioningStyle = Automatic;
					};
				};
			};
			buildConfigurationList = FA731009218212FB00F5A39A /* Build configuration list for PBXProject "basicdemo" */;
			compatibilityVersion = "Xcode 8.0";
			developmentRegion = en;
			hasScannedForEncodings = 0;
			knownRegions = (
				en,
				Base,
			);
			mainGroup = FA731005218212FB00F5A39A;
			productRefGroup = FA73100F218212FB00F5A39A /* Products */;
			projectDirPath = "";
			projectReferences = (
				{
					ProductGroup = FA71526A219093E1008C00DB /* Products */;
					ProjectRef = FA715269219093E1008C00DB /* gameplay.xcodeproj */;
				},
			);
			projectRoot = "";
			targets = (
				FA73100D218212FB00F5A39A /* basicdemo */,
			);
		};
/* End PBXProject section */

/* Begin PBXReferenceProxy section */
		FA71526F219093E2008C00DB /* libgameplay.a */ = {
			isa = PBXReferenceProxy;
			fileType = archive.ar;
			path = libgameplay.a;
			remoteRef = FA71526E219093E2008C00DB /* PBXContainerItemProxy */;
			sourceTree = BUILT_PRODUCTS_DIR;
		};
		FA715271219093E2008C00DB /* libgameplay.a */ = {
			isa = PBXReferenceProxy;
			fileType = archive.ar;
			path = libgameplay.a;
			remoteRef = FA715270219093E2008C00DB /* PBXContainerItemProxy */;
			sourceTree = BUILT_PRODUCTS_DIR;
		};
/* End PBXReferenceProxy section */

/* Begin PBXResourcesBuildPhase section */
		FA73100C218212FB00F5A39A /* Resources */ = {
			isa = PBXResourcesBuildPhase;
			buildActionMask = 2147483647;
			files = (
				FA73101E218212FB00F5A39A /* LaunchScreen.storyboard in Resources */,
				FA71528421949836008C00DB /* res in Resources */,
				FA73101B218212FB00F5A39A /* Assets.xcassets in Resources */,
				FA731019218212FB00F5A39A /* Main.storyboard in Resources */,
			);
			runOnlyForDeploymentPostprocessing = 0;
		};
/* End PBXResourcesBuildPhase section */

/* Begin PBXShellScriptBuildPhase section */
		FA71528B21949CE6008C00DB /* ShellScript */ = {
			isa = PBXShellScriptBuildPhase;
			buildActionMask = 2147483647;
			files = (
			);
			inputPaths = (
			);
			outputPaths = (
			);
			runOnlyForDeploymentPostprocessing = 0;
			shellPath = /bin/sh;
			shellScript = "rsync -rau ${SRCROOT}/../../../gameplay/res/shaders ${SRCROOT}/../samples/res\nrsync -rau ${SRCROOT}/../../../gameplay/res/ui ${SRCROOT}/../samples/res\ncp -rf ${SRCROOT}/../../../gameplay/res/logo_powered_white.png ${SRCROOT}/../samples/res\ntouch -cm ${SRCROOT}/../samples/res";
		};
/* End PBXShellScriptBuildPhase section */

/* Begin PBXSourcesBuildPhase section */
		FA73100A218212FB00F5A39A /* Sources */ = {
			isa = PBXSourcesBuildPhase;
			buildActionMask = 2147483647;
			files = (
				FA715266219093D2008C00DB /* Sample.cpp in Sources */,
				FA7310292182133400F5A39A /* GamePlayView.mm in Sources */,
				FA731016218212FB00F5A39A /* GamePlayViewController.mm in Sources */,
				FA715268219093D2008C00DB /* TriangleSample.cpp in Sources */,
				FA731021218212FB00F5A39A /* main.m in Sources */,
				FA7310722183FC9200F5A39A /* NBGLView.mm in Sources */,
				FA731013218212FB00F5A39A /* AppDelegate.m in Sources */,
				FA715267219093D2008C00DB /* SamplesGame.cpp in Sources */,
			);
			runOnlyForDeploymentPostprocessing = 0;
		};
/* End PBXSourcesBuildPhase section */

/* Begin PBXVariantGroup section */
		FA731017218212FB00F5A39A /* Main.storyboard */ = {
			isa = PBXVariantGroup;
			children = (
				FA731018218212FB00F5A39A /* Base */,
			);
			name = Main.storyboard;
			sourceTree = "<group>";
		};
		FA73101C218212FB00F5A39A /* LaunchScreen.storyboard */ = {
			isa = PBXVariantGroup;
			children = (
				FA73101D218212FB00F5A39A /* Base */,
			);
			name = LaunchScreen.storyboard;
			sourceTree = "<group>";
		};
/* End PBXVariantGroup section */

/* Begin XCBuildConfiguration section */
		FA731022218212FB00F5A39A /* Debug */ = {
			isa = XCBuildConfiguration;
			buildSettings = {
				ALWAYS_SEARCH_USER_PATHS = NO;
				CLANG_ANALYZER_NONNULL = YES;
				CLANG_ANALYZER_NUMBER_OBJECT_CONVERSION = YES_AGGRESSIVE;
				CLANG_CXX_LANGUAGE_STANDARD = "gnu++14";
				CLANG_CXX_LIBRARY = "libc++";
				CLANG_ENABLE_MODULES = YES;
				CLANG_ENABLE_OBJC_ARC = YES;
				CLANG_WARN_BLOCK_CAPTURE_AUTORELEASING = YES;
				CLANG_WARN_BOOL_CONVERSION = YES;
				CLANG_WARN_COMMA = YES;
				CLANG_WARN_CONSTANT_CONVERSION = YES;
				CLANG_WARN_DIRECT_OBJC_ISA_USAGE = YES_ERROR;
				CLANG_WARN_DOCUMENTATION_COMMENTS = YES;
				CLANG_WARN_EMPTY_BODY = YES;
				CLANG_WARN_ENUM_CONVERSION = YES;
				CLANG_WARN_INFINITE_RECURSION = YES;
				CLANG_WARN_INT_CONVERSION = YES;
				CLANG_WARN_NON_LITERAL_NULL_CONVERSION = YES;
				CLANG_WARN_OBJC_LITERAL_CONVERSION = YES;
				CLANG_WARN_OBJC_ROOT_CLASS = YES_ERROR;
				CLANG_WARN_RANGE_LOOP_ANALYSIS = YES;
				CLANG_WARN_STRICT_PROTOTYPES = YES;
				CLANG_WARN_SUSPICIOUS_MOVE = YES;
				CLANG_WARN_UNGUARDED_AVAILABILITY = YES_AGGRESSIVE;
				CLANG_WARN_UNREACHABLE_CODE = YES;
				CLANG_WARN__DUPLICATE_METHOD_MATCH = YES;
				CODE_SIGN_IDENTITY = "iPhone Developer";
				COPY_PHASE_STRIP = NO;
				DEBUG_INFORMATION_FORMAT = dwarf;
				ENABLE_STRICT_OBJC_MSGSEND = YES;
				ENABLE_TESTABILITY = YES;
				GCC_C_LANGUAGE_STANDARD = gnu11;
				GCC_DYNAMIC_NO_PIC = NO;
				GCC_NO_COMMON_BLOCKS = YES;
				GCC_OPTIMIZATION_LEVEL = 0;
				GCC_PREPROCESSOR_DEFINITIONS = (
					"DEBUG=1",
					"$(inherited)",
				);
				GCC_WARN_64_TO_32_BIT_CONVERSION = YES;
				GCC_WARN_ABOUT_RETURN_TYPE = YES_ERROR;
				GCC_WARN_UNDECLARED_SELECTOR = YES;
				GCC_WARN_UNINITIALIZED_AUTOS = YES_AGGRESSIVE;
				GCC_WARN_UNUSED_FUNCTION = YES;
				GCC_WARN_UNUSED_VARIABLE = YES;
				IPHONEOS_DEPLOYMENT_TARGET = 9.0;
				MTL_ENABLE_DEBUG_INFO = YES;
				ONLY_ACTIVE_ARCH = YES;
				SDKROOT = iphoneos;
			};
			name = Debug;
		};
		FA731023218212FB00F5A39A /* Release */ = {
			isa = XCBuildConfiguration;
			buildSettings = {
				ALWAYS_SEARCH_USER_PATHS = NO;
				CLANG_ANALYZER_NONNULL = YES;
				CLANG_ANALYZER_NUMBER_OBJECT_CONVERSION = YES_AGGRESSIVE;
				CLANG_CXX_LANGUAGE_STANDARD = "gnu++14";
				CLANG_CXX_LIBRARY = "libc++";
				CLANG_ENABLE_MODULES = YES;
				CLANG_ENABLE_OBJC_ARC = YES;
				CLANG_WARN_BLOCK_CAPTURE_AUTORELEASING = YES;
				CLANG_WARN_BOOL_CONVERSION = YES;
				CLANG_WARN_COMMA = YES;
				CLANG_WARN_CONSTANT_CONVERSION = YES;
				CLANG_WARN_DIRECT_OBJC_ISA_USAGE = YES_ERROR;
				CLANG_WARN_DOCUMENTATION_COMMENTS = YES;
				CLANG_WARN_EMPTY_BODY = YES;
				CLANG_WARN_ENUM_CONVERSION = YES;
				CLANG_WARN_INFINITE_RECURSION = YES;
				CLANG_WARN_INT_CONVERSION = YES;
				CLANG_WARN_NON_LITERAL_NULL_CONVERSION = YES;
				CLANG_WARN_OBJC_LITERAL_CONVERSION = YES;
				CLANG_WARN_OBJC_ROOT_CLASS = YES_ERROR;
				CLANG_WARN_RANGE_LOOP_ANALYSIS = YES;
				CLANG_WARN_STRICT_PROTOTYPES = YES;
				CLANG_WARN_SUSPICIOUS_MOVE = YES;
				CLANG_WARN_UNGUARDED_AVAILABILITY = YES_AGGRESSIVE;
				CLANG_WARN_UNREACHABLE_CODE = YES;
				CLANG_WARN__DUPLICATE_METHOD_MATCH = YES;
				CODE_SIGN_IDENTITY = "iPhone Developer";
				COPY_PHASE_STRIP = NO;
				DEBUG_INFORMATION_FORMAT = "dwarf-with-dsym";
				ENABLE_NS_ASSERTIONS = NO;
				ENABLE_STRICT_OBJC_MSGSEND = YES;
				GCC_C_LANGUAGE_STANDARD = gnu11;
				GCC_NO_COMMON_BLOCKS = YES;
				GCC_WARN_64_TO_32_BIT_CONVERSION = YES;
				GCC_WARN_ABOUT_RETURN_TYPE = YES_ERROR;
				GCC_WARN_UNDECLARED_SELECTOR = YES;
				GCC_WARN_UNINITIALIZED_AUTOS = YES_AGGRESSIVE;
				GCC_WARN_UNUSED_FUNCTION = YES;
				GCC_WARN_UNUSED_VARIABLE = YES;
				IPHONEOS_DEPLOYMENT_TARGET = 9.0;
				MTL_ENABLE_DEBUG_INFO = NO;
				SDKROOT = iphoneos;
				VALIDATE_PRODUCT = YES;
			};
			name = Release;
		};
		FA731025218212FB00F5A39A /* Debug */ = {
			isa = XCBuildConfiguration;
			buildSettings = {
				ASSETCATALOG_COMPILER_APPICON_NAME = AppIcon;
				CODE_SIGN_STYLE = Automatic;
				HEADER_SEARCH_PATHS = (
					"../../../external-deps/include",
					../../../gameplay/src,
				);
				INFOPLIST_FILE = basicdemo/Info.plist;
				LD_RUNPATH_SEARCH_PATHS = "$(inherited) @executable_path/Frameworks";
				LIBRARY_SEARCH_PATHS = "../../../external-deps/lib/ios/x86";
				PRODUCT_BUNDLE_IDENTIFIER = ccsu.basicdemo;
				PRODUCT_NAME = "$(TARGET_NAME)";
				TARGETED_DEVICE_FAMILY = "1,2";
			};
			name = Debug;
		};
		FA731026218212FB00F5A39A /* Release */ = {
			isa = XCBuildConfiguration;
			buildSettings = {
				ASSETCATALOG_COMPILER_APPICON_NAME = AppIcon;
				CODE_SIGN_STYLE = Automatic;
				HEADER_SEARCH_PATHS = (
					"../../../external-deps/include",
					../../../gameplay/src,
				);
				INFOPLIST_FILE = basicdemo/Info.plist;
				LD_RUNPATH_SEARCH_PATHS = "$(inherited) @executable_path/Frameworks";
				LIBRARY_SEARCH_PATHS = "../../../external-deps/lib/ios/x86";
				PRODUCT_BUNDLE_IDENTIFIER = ccsu.basicdemo;
				PRODUCT_NAME = "$(TARGET_NAME)";
				TARGETED_DEVICE_FAMILY = "1,2";
			};
			name = Release;
		};
/* End XCBuildConfiguration section */

/* Begin XCConfigurationList section */
		FA731009218212FB00F5A39A /* Build configuration list for PBXProject "basicdemo" */ = {
			isa = XCConfigurationList;
			buildConfigurations = (
				FA731022218212FB00F5A39A /* Debug */,
				FA731023218212FB00F5A39A /* Release */,
			);
			defaultConfigurationIsVisible = 0;
			defaultConfigurationName = Release;
		};
		FA731024218212FB00F5A39A /* Build configuration list for PBXNativeTarget "basicdemo" */ = {
			isa = XCConfigurationList;
			buildConfigurations = (
				FA731025218212FB00F5A39A /* Debug */,
				FA731026218212FB00F5A39A /* Release */,
			);
			defaultConfigurationIsVisible = 0;
			defaultConfigurationName = Release;
		};
/* End XCConfigurationList section */
	};
	rootObject = FA731006218212FB00F5A39A /* Project object */;
}
